
Microsoft Visual Studio Solution File, Format Version 12.00
# Visual Studio Version 17
VisualStudioVersion = 17.2.32630.192
MinimumVisualStudioVersion = 10.0.40219.1
Project("{9A19103F-16F7-4668-BE54-9A1E7A4F7556}") = "PruebaTecnica", "src\Presentation\PruebaTecnica\PruebaTecnica.csproj", "{8FCAD9C1-CCCF-4F28-AD48-C5E47258857D}"
EndProject
Project("{9A19103F-16F7-4668-BE54-9A1E7A4F7556}") = "Application.Module", "src\Application\Application.Module\Application.Module.csproj", "{11233B16-DBDD-4D49-8FA7-698B4CC86D5C}"
EndProject
Project("{2150E333-8FDC-42A3-9474-1A3956D46DE8}") = "Applications", "Applications", "{D27BC628-45D1-4614-9DA7-A478BF7FE5D5}"
EndProject
Project("{2150E333-8FDC-42A3-9474-1A3956D46DE8}") = "Domain", "Domain", "{3748A6E5-662F-4F2D-BFF5-25E763E7CBCD}"
EndProject
Project("{9A19103F-16F7-4668-BE54-9A1E7A4F7556}") = "Domain.PruebaTecnica", "src\Domain\Domain.PruebaTecnica\Domain.PruebaTecnica.csproj", "{5310349A-6958-4278-9AB2-F3EDACB2A77E}"
EndProject
Project("{9A19103F-16F7-4668-BE54-9A1E7A4F7556}") = "Infrastructure.LoggingService", "src\Infrastructure\Infrastructure.LoggingService\Infrastructure.LoggingService.csproj", "{7A29556C-2C95-4FE4-A2E4-456BC1758A45}"
EndProject
Project("{2150E333-8FDC-42A3-9474-1A3956D46DE8}") = "Infrastructure", "Infrastructure", "{BD015CED-3CF3-471D-B069-B53AECCCF521}"
EndProject
Project("{9A19103F-16F7-4668-BE54-9A1E7A4F7556}") = "Infrastructure.Crosslayer.IOC", "src\Infrastructure\Infrastructure.Crosslayer.IOC\Infrastructure.Crosslayer.IOC.csproj", "{F07787EF-5B81-417D-974E-AFA21D45ED6E}"
EndProject
Project("{9A19103F-16F7-4668-BE54-9A1E7A4F7556}") = "Infrastructure.Data", "src\Infrastructure\Infrastructure.Data\Infrastructure.Data.csproj", "{141C23F6-4C1C-4B21-89E6-440D7438BD3D}"
EndProject
Project("{9A19103F-16F7-4668-BE54-9A1E7A4F7556}") = "Infrastructure.DataAccess.EFCore", "src\Infrastructure\Infrastructure.DataAccess.EFCore\Infrastructure.DataAccess.EFCore.csproj", "{B4DDB7E7-8C2D-4DF1-92A2-9FF3B123354F}"
EndProject
Project("{9A19103F-16F7-4668-BE54-9A1E7A4F7556}") = "Infrastructure.Mapper", "src\Infrastructure\Infrastructure.Mapper\Infrastructure.Mapper.csproj", "{4D05641E-4218-49AB-9783-0CE28C9D8CE6}"
EndProject
Project("{2150E333-8FDC-42A3-9474-1A3956D46DE8}") = "src", "src", "{2DE7D0A2-DD26-45B6-AB83-4554A97ADCD3}"
EndProject
Project("{2150E333-8FDC-42A3-9474-1A3956D46DE8}") = "test", "test", "{63BDA221-1E5D-4D01-A820-76476FC9530C}"
EndProject
Project("{2150E333-8FDC-42A3-9474-1A3956D46DE8}") = "Presentation", "Presentation", "{35791996-CB46-4256-9B70-7A5694866627}"
EndProject
Project("{FAE04EC0-301F-11D3-BF4B-00C04F79EFBC}") = "PruebaTecnica.Test", "test\PruebaTecnica.Test\PruebaTecnica.Test\PruebaTecnica.Test.csproj", "{B3F9685C-BA61-4F20-B677-4495935493E0}"
EndProject
Global
	GlobalSection(SolutionConfigurationPlatforms) = preSolution
		Debug|Any CPU = Debug|Any CPU
		PROD|Any CPU = PROD|Any CPU
		RC|Any CPU = RC|Any CPU
		Release|Any CPU = Release|Any CPU
		UAT|Any CPU = UAT|Any CPU
	EndGlobalSection
	GlobalSection(ProjectConfigurationPlatforms) = postSolution
		{8FCAD9C1-CCCF-4F28-AD48-C5E47258857D}.Debug|Any CPU.ActiveCfg = Debug|Any CPU
		{8FCAD9C1-CCCF-4F28-AD48-C5E47258857D}.Debug|Any CPU.Build.0 = Debug|Any CPU
		{8FCAD9C1-CCCF-4F28-AD48-C5E47258857D}.PROD|Any CPU.ActiveCfg = Debug|Any CPU
		{8FCAD9C1-CCCF-4F28-AD48-C5E47258857D}.PROD|Any CPU.Build.0 = Debug|Any CPU
		{8FCAD9C1-CCCF-4F28-AD48-C5E47258857D}.RC|Any CPU.ActiveCfg = Release|Any CPU
		{8FCAD9C1-CCCF-4F28-AD48-C5E47258857D}.RC|Any CPU.Build.0 = Release|Any CPU
		{8FCAD9C1-CCCF-4F28-AD48-C5E47258857D}.Release|Any CPU.ActiveCfg = Release|Any CPU
		{8FCAD9C1-CCCF-4F28-AD48-C5E47258857D}.Release|Any CPU.Build.0 = Release|Any CPU
		{8FCAD9C1-CCCF-4F28-AD48-C5E47258857D}.UAT|Any CPU.ActiveCfg = Debug|Any CPU
		{8FCAD9C1-CCCF-4F28-AD48-C5E47258857D}.UAT|Any CPU.Build.0 = Debug|Any CPU
		{11233B16-DBDD-4D49-8FA7-698B4CC86D5C}.Debug|Any CPU.ActiveCfg = Debug|Any CPU
		{11233B16-DBDD-4D49-8FA7-698B4CC86D5C}.Debug|Any CPU.Build.0 = Debug|Any CPU
		{11233B16-DBDD-4D49-8FA7-698B4CC86D5C}.PROD|Any CPU.ActiveCfg = Debug|Any CPU
		{11233B16-DBDD-4D49-8FA7-698B4CC86D5C}.PROD|Any CPU.Build.0 = Debug|Any CPU
		{11233B16-DBDD-4D49-8FA7-698B4CC86D5C}.RC|Any CPU.ActiveCfg = Release|Any CPU
		{11233B16-DBDD-4D49-8FA7-698B4CC86D5C}.RC|Any CPU.Build.0 = Release|Any CPU
		{11233B16-DBDD-4D49-8FA7-698B4CC86D5C}.Release|Any CPU.ActiveCfg = Release|Any CPU
		{11233B16-DBDD-4D49-8FA7-698B4CC86D5C}.Release|Any CPU.Build.0 = Release|Any CPU
		{11233B16-DBDD-4D49-8FA7-698B4CC86D5C}.UAT|Any CPU.ActiveCfg = Debug|Any CPU
		{11233B16-DBDD-4D49-8FA7-698B4CC86D5C}.UAT|Any CPU.Build.0 = Debug|Any CPU
		{5310349A-6958-4278-9AB2-F3EDACB2A77E}.Debug|Any CPU.ActiveCfg = Debug|Any CPU
		{5310349A-6958-4278-9AB2-F3EDACB2A77E}.Debug|Any CPU.Build.0 = Debug|Any CPU
		{5310349A-6958-4278-9AB2-F3EDACB2A77E}.PROD|Any CPU.ActiveCfg = Debug|Any CPU
		{5310349A-6958-4278-9AB2-F3EDACB2A77E}.PROD|Any CPU.Build.0 = Debug|Any CPU
		{5310349A-6958-4278-9AB2-F3EDACB2A77E}.RC|Any CPU.ActiveCfg = Release|Any CPU
		{5310349A-6958-4278-9AB2-F3EDACB2A77E}.RC|Any CPU.Build.0 = Release|Any CPU
		{5310349A-6958-4278-9AB2-F3EDACB2A77E}.Release|Any CPU.ActiveCfg = Release|Any CPU
		{5310349A-6958-4278-9AB2-F3EDACB2A77E}.Release|Any CPU.Build.0 = Release|Any CPU
		{5310349A-6958-4278-9AB2-F3EDACB2A77E}.UAT|Any CPU.ActiveCfg = Debug|Any CPU
		{5310349A-6958-4278-9AB2-F3EDACB2A77E}.UAT|Any CPU.Build.0 = Debug|Any CPU
		{7A29556C-2C95-4FE4-A2E4-456BC1758A45}.Debug|Any CPU.ActiveCfg = Debug|Any CPU
		{7A29556C-2C95-4FE4-A2E4-456BC1758A45}.Debug|Any CPU.Build.0 = Debug|Any CPU
		{7A29556C-2C95-4FE4-A2E4-456BC1758A45}.PROD|Any CPU.ActiveCfg = PROD|Any CPU
		{7A29556C-2C95-4FE4-A2E4-456BC1758A45}.PROD|Any CPU.Build.0 = PROD|Any CPU
		{7A29556C-2C95-4FE4-A2E4-456BC1758A45}.RC|Any CPU.ActiveCfg = RC|Any CPU
		{7A29556C-2C95-4FE4-A2E4-456BC1758A45}.RC|Any CPU.Build.0 = RC|Any CPU
		{7A29556C-2C95-4FE4-A2E4-456BC1758A45}.Release|Any CPU.ActiveCfg = Release|Any CPU
		{7A29556C-2C95-4FE4-A2E4-456BC1758A45}.Release|Any CPU.Build.0 = Release|Any CPU
		{7A29556C-2C95-4FE4-A2E4-456BC1758A45}.UAT|Any CPU.ActiveCfg = UAT|Any CPU
		{7A29556C-2C95-4FE4-A2E4-456BC1758A45}.UAT|Any CPU.Build.0 = UAT|Any CPU
		{F07787EF-5B81-417D-974E-AFA21D45ED6E}.Debug|Any CPU.ActiveCfg = Debug|Any CPU
		{F07787EF-5B81-417D-974E-AFA21D45ED6E}.Debug|Any CPU.Build.0 = Debug|Any CPU
		{F07787EF-5B81-417D-974E-AFA21D45ED6E}.PROD|Any CPU.ActiveCfg = Debug|Any CPU
		{F07787EF-5B81-417D-974E-AFA21D45ED6E}.PROD|Any CPU.Build.0 = Debug|Any CPU
		{F07787EF-5B81-417D-974E-AFA21D45ED6E}.RC|Any CPU.ActiveCfg = Release|Any CPU
		{F07787EF-5B81-417D-974E-AFA21D45ED6E}.RC|Any CPU.Build.0 = Release|Any CPU
		{F07787EF-5B81-417D-974E-AFA21D45ED6E}.Release|Any CPU.ActiveCfg = Release|Any CPU
		{F07787EF-5B81-417D-974E-AFA21D45ED6E}.Release|Any CPU.Build.0 = Release|Any CPU
		{F07787EF-5B81-417D-974E-AFA21D45ED6E}.UAT|Any CPU.ActiveCfg = Debug|Any CPU
		{F07787EF-5B81-417D-974E-AFA21D45ED6E}.UAT|Any CPU.Build.0 = Debug|Any CPU
		{141C23F6-4C1C-4B21-89E6-440D7438BD3D}.Debug|Any CPU.ActiveCfg = Debug|Any CPU
		{141C23F6-4C1C-4B21-89E6-440D7438BD3D}.Debug|Any CPU.Build.0 = Debug|Any CPU
		{141C23F6-4C1C-4B21-89E6-440D7438BD3D}.PROD|Any CPU.ActiveCfg = Debug|Any CPU
		{141C23F6-4C1C-4B21-89E6-440D7438BD3D}.PROD|Any CPU.Build.0 = Debug|Any CPU
		{141C23F6-4C1C-4B21-89E6-440D7438BD3D}.RC|Any CPU.ActiveCfg = Release|Any CPU
		{141C23F6-4C1C-4B21-89E6-440D7438BD3D}.RC|Any CPU.Build.0 = Release|Any CPU
		{141C23F6-4C1C-4B21-89E6-440D7438BD3D}.Release|Any CPU.ActiveCfg = Release|Any CPU
		{141C23F6-4C1C-4B21-89E6-440D7438BD3D}.Release|Any CPU.Build.0 = Release|Any CPU
		{141C23F6-4C1C-4B21-89E6-440D7438BD3D}.UAT|Any CPU.ActiveCfg = Debug|Any CPU
		{141C23F6-4C1C-4B21-89E6-440D7438BD3D}.UAT|Any CPU.Build.0 = Debug|Any CPU
		{B4DDB7E7-8C2D-4DF1-92A2-9FF3B123354F}.Debug|Any CPU.ActiveCfg = Debug|Any CPU
		{B4DDB7E7-8C2D-4DF1-92A2-9FF3B123354F}.Debug|Any CPU.Build.0 = Debug|Any CPU
		{B4DDB7E7-8C2D-4DF1-92A2-9FF3B123354F}.PROD|Any CPU.ActiveCfg = Debug|Any CPU
		{B4DDB7E7-8C2D-4DF1-92A2-9FF3B123354F}.PROD|Any CPU.Build.0 = Debug|Any CPU
		{B4DDB7E7-8C2D-4DF1-92A2-9FF3B123354F}.RC|Any CPU.ActiveCfg = Release|Any CPU
		{B4DDB7E7-8C2D-4DF1-92A2-9FF3B123354F}.RC|Any CPU.Build.0 = Release|Any CPU
		{B4DDB7E7-8C2D-4DF1-92A2-9FF3B123354F}.Release|Any CPU.ActiveCfg = Release|Any CPU
		{B4DDB7E7-8C2D-4DF1-92A2-9FF3B123354F}.Release|Any CPU.Build.0 = Release|Any CPU
		{B4DDB7E7-8C2D-4DF1-92A2-9FF3B123354F}.UAT|Any CPU.ActiveCfg = Debug|Any CPU
		{B4DDB7E7-8C2D-4DF1-92A2-9FF3B123354F}.UAT|Any CPU.Build.0 = Debug|Any CPU
		{4D05641E-4218-49AB-9783-0CE28C9D8CE6}.Debug|Any CPU.ActiveCfg = Debug|Any CPU
		{4D05641E-4218-49AB-9783-0CE28C9D8CE6}.Debug|Any CPU.Build.0 = Debug|Any CPU
		{4D05641E-4218-49AB-9783-0CE28C9D8CE6}.PROD|Any CPU.ActiveCfg = Debug|Any CPU
		{4D05641E-4218-49AB-9783-0CE28C9D8CE6}.PROD|Any CPU.Build.0 = Debug|Any CPU
		{4D05641E-4218-49AB-9783-0CE28C9D8CE6}.RC|Any CPU.ActiveCfg = Release|Any CPU
		{4D05641E-4218-49AB-9783-0CE28C9D8CE6}.RC|Any CPU.Build.0 = Release|Any CPU
		{4D05641E-4218-49AB-9783-0CE28C9D8CE6}.Release|Any CPU.ActiveCfg = Release|Any CPU
		{4D05641E-4218-49AB-9783-0CE28C9D8CE6}.Release|Any CPU.Build.0 = Release|Any CPU
		{4D05641E-4218-49AB-9783-0CE28C9D8CE6}.UAT|Any CPU.ActiveCfg = Debug|Any CPU
		{4D05641E-4218-49AB-9783-0CE28C9D8CE6}.UAT|Any CPU.Build.0 = Debug|Any CPU
		{B3F9685C-BA61-4F20-B677-4495935493E0}.Debug|Any CPU.ActiveCfg = Debug|Any CPU
		{B3F9685C-BA61-4F20-B677-4495935493E0}.Debug|Any CPU.Build.0 = Debug|Any CPU
		{B3F9685C-BA61-4F20-B677-4495935493E0}.PROD|Any CPU.ActiveCfg = Debug|Any CPU
		{B3F9685C-BA61-4F20-B677-4495935493E0}.PROD|Any CPU.Build.0 = Debug|Any CPU
		{B3F9685C-BA61-4F20-B677-4495935493E0}.RC|Any CPU.ActiveCfg = Release|Any CPU
		{B3F9685C-BA61-4F20-B677-4495935493E0}.RC|Any CPU.Build.0 = Release|Any CPU
		{B3F9685C-BA61-4F20-B677-4495935493E0}.Release|Any CPU.ActiveCfg = Release|Any CPU
		{B3F9685C-BA61-4F20-B677-4495935493E0}.Release|Any CPU.Build.0 = Release|Any CPU
		{B3F9685C-BA61-4F20-B677-4495935493E0}.UAT|Any CPU.ActiveCfg = Debug|Any CPU
		{B3F9685C-BA61-4F20-B677-4495935493E0}.UAT|Any CPU.Build.0 = Debug|Any CPU
	EndGlobalSection
	GlobalSection(SolutionProperties) = preSolution
		HideSolutionNode = FALSE
	EndGlobalSection
	GlobalSection(NestedProjects) = preSolution
		{8FCAD9C1-CCCF-4F28-AD48-C5E47258857D} = {35791996-CB46-4256-9B70-7A5694866627}
		{11233B16-DBDD-4D49-8FA7-698B4CC86D5C} = {D27BC628-45D1-4614-9DA7-A478BF7FE5D5}
		{D27BC628-45D1-4614-9DA7-A478BF7FE5D5} = {2DE7D0A2-DD26-45B6-AB83-4554A97ADCD3}
		{3748A6E5-662F-4F2D-BFF5-25E763E7CBCD} = {2DE7D0A2-DD26-45B6-AB83-4554A97ADCD3}
		{5310349A-6958-4278-9AB2-F3EDACB2A77E} = {3748A6E5-662F-4F2D-BFF5-25E763E7CBCD}
		{7A29556C-2C95-4FE4-A2E4-456BC1758A45} = {BD015CED-3CF3-471D-B069-B53AECCCF521}
		{BD015CED-3CF3-471D-B069-B53AECCCF521} = {2DE7D0A2-DD26-45B6-AB83-4554A97ADCD3}
		{F07787EF-5B81-417D-974E-AFA21D45ED6E} = {BD015CED-3CF3-471D-B069-B53AECCCF521}
		{141C23F6-4C1C-4B21-89E6-440D7438BD3D} = {BD015CED-3CF3-471D-B069-B53AECCCF521}
		{B4DDB7E7-8C2D-4DF1-92A2-9FF3B123354F} = {BD015CED-3CF3-471D-B069-B53AECCCF521}
		{4D05641E-4218-49AB-9783-0CE28C9D8CE6} = {BD015CED-3CF3-471D-B069-B53AECCCF521}
		{35791996-CB46-4256-9B70-7A5694866627} = {2DE7D0A2-DD26-45B6-AB83-4554A97ADCD3}
		{B3F9685C-BA61-4F20-B677-4495935493E0} = {63BDA221-1E5D-4D01-A820-76476FC9530C}
	EndGlobalSection
	GlobalSection(ExtensibilityGlobals) = postSolution
		SolutionGuid = {F6E336DD-F643-4E63-AE9F-B5B411627ABE}
	EndGlobalSection
EndGlobal
